// !$*UTF8*$!
{
	archiveVersion = 1;
	classes = {
	};
	objectVersion = 56;
	objects = {

/* Begin PBXBuildFile section */
		400AA16929BF44CE00F7FDDD /* PizzaCalculatorApp.swift in Sources */ = {isa = PBXBuildFile; fileRef = 400AA16829BF44CE00F7FDDD /* PizzaCalculatorApp.swift */; };
		400AA16B29BF44CE00F7FDDD /* ContentView.swift in Sources */ = {isa = PBXBuildFile; fileRef = 400AA16A29BF44CE00F7FDDD /* ContentView.swift */; };
		400AA16D29BF44CF00F7FDDD /* Assets.xcassets in Resources */ = {isa = PBXBuildFile; fileRef = 400AA16C29BF44CF00F7FDDD /* Assets.xcassets */; };
		400AA17029BF44CF00F7FDDD /* Preview Assets.xcassets in Resources */ = {isa = PBXBuildFile; fileRef = 400AA16F29BF44CF00F7FDDD /* Preview Assets.xcassets */; };
		4018E90029F2AF3700A1CFEC /* FileManager-DocumentsDirectory.swift in Sources */ = {isa = PBXBuildFile; fileRef = 4018E8FF29F2AF3700A1CFEC /* FileManager-DocumentsDirectory.swift */; };
		4018E90229F2B92B00A1CFEC /* ResultsView.swift in Sources */ = {isa = PBXBuildFile; fileRef = 4018E90129F2B92B00A1CFEC /* ResultsView.swift */; };
		4065F72229BF4AB800BC6FE6 /* HistoryView.swift in Sources */ = {isa = PBXBuildFile; fileRef = 4065F72129BF4AB800BC6FE6 /* HistoryView.swift */; };
		4065F72429BF4AF600BC6FE6 /* CalculatorView.swift in Sources */ = {isa = PBXBuildFile; fileRef = 4065F72329BF4AF600BC6FE6 /* CalculatorView.swift */; };
		4065F72629BF507200BC6FE6 /* CalculatorView-ViewModel.swift in Sources */ = {isa = PBXBuildFile; fileRef = 4065F72529BF507200BC6FE6 /* CalculatorView-ViewModel.swift */; };
		4065F72829BF55B100BC6FE6 /* Pizza.swift in Sources */ = {isa = PBXBuildFile; fileRef = 4065F72729BF55B100BC6FE6 /* Pizza.swift */; };
		40A3B8FB29DC0D3900F342AF /* Styles.swift in Sources */ = {isa = PBXBuildFile; fileRef = 40A3B8FA29DC0D3900F342AF /* Styles.swift */; };
/* End PBXBuildFile section */

/* Begin PBXFileReference section */
		400AA16529BF44CE00F7FDDD /* PizzaCalculator.app */ = {isa = PBXFileReference; explicitFileType = wrapper.application; includeInIndex = 0; path = PizzaCalculator.app; sourceTree = BUILT_PRODUCTS_DIR; };
		400AA16829BF44CE00F7FDDD /* PizzaCalculatorApp.swift */ = {isa = PBXFileReference; lastKnownFileType = sourcecode.swift; path = PizzaCalculatorApp.swift; sourceTree = "<group>"; };
		400AA16A29BF44CE00F7FDDD /* ContentView.swift */ = {isa = PBXFileReference; lastKnownFileType = sourcecode.swift; path = ContentView.swift; sourceTree = "<group>"; };
		400AA16C29BF44CF00F7FDDD /* Assets.xcassets */ = {isa = PBXFileReference; lastKnownFileType = folder.assetcatalog; path = Assets.xcassets; sourceTree = "<group>"; };
		400AA16F29BF44CF00F7FDDD /* Preview Assets.xcassets */ = {isa = PBXFileReference; lastKnownFileType = folder.assetcatalog; path = "Preview Assets.xcassets"; sourceTree = "<group>"; };
		4018E8FF29F2AF3700A1CFEC /* FileManager-DocumentsDirectory.swift */ = {isa = PBXFileReference; lastKnownFileType = sourcecode.swift; path = "FileManager-DocumentsDirectory.swift"; sourceTree = "<group>"; };
		4018E90129F2B92B00A1CFEC /* ResultsView.swift */ = {isa = PBXFileReference; lastKnownFileType = sourcecode.swift; path = ResultsView.swift; sourceTree = "<group>"; };
		4065F72129BF4AB800BC6FE6 /* HistoryView.swift */ = {isa = PBXFileReference; lastKnownFileType = sourcecode.swift; path = HistoryView.swift; sourceTree = "<group>"; };
		4065F72329BF4AF600BC6FE6 /* CalculatorView.swift */ = {isa = PBXFileReference; lastKnownFileType = sourcecode.swift; path = CalculatorView.swift; sourceTree = "<group>"; };
		4065F72529BF507200BC6FE6 /* CalculatorView-ViewModel.swift */ = {isa = PBXFileReference; lastKnownFileType = sourcecode.swift; path = "CalculatorView-ViewModel.swift"; sourceTree = "<group>"; };
		4065F72729BF55B100BC6FE6 /* Pizza.swift */ = {isa = PBXFileReference; lastKnownFileType = sourcecode.swift; path = Pizza.swift; sourceTree = "<group>"; };
		40A3B8FA29DC0D3900F342AF /* Styles.swift */ = {isa = PBXFileReference; lastKnownFileType = sourcecode.swift; path = Styles.swift; sourceTree = "<group>"; };
/* End PBXFileReference section */

/* Begin PBXFrameworksBuildPhase section */
		400AA16229BF44CE00F7FDDD /* Frameworks */ = {
			isa = PBXFrameworksBuildPhase;
			buildActionMask = 2147483647;
			files = (
			);
			runOnlyForDeploymentPostprocessing = 0;
		};
/* End PBXFrameworksBuildPhase section */

/* Begin PBXGroup section */
		400AA15C29BF44CE00F7FDDD = {
			isa = PBXGroup;
			children = (
				400AA16729BF44CE00F7FDDD /* PizzaCalculator */,
				400AA16629BF44CE00F7FDDD /* Products */,
			);
			sourceTree = "<group>";
		};
		400AA16629BF44CE00F7FDDD /* Products */ = {
			isa = PBXGroup;
			children = (
				400AA16529BF44CE00F7FDDD /* PizzaCalculator.app */,
			);
			name = Products;
			sourceTree = "<group>";
		};
		400AA16729BF44CE00F7FDDD /* PizzaCalculator */ = {
			isa = PBXGroup;
			children = (
				4018E8FF29F2AF3700A1CFEC /* FileManager-DocumentsDirectory.swift */,
				400AA16829BF44CE00F7FDDD /* PizzaCalculatorApp.swift */,
				400AA16A29BF44CE00F7FDDD /* ContentView.swift */,
				4065F72129BF4AB800BC6FE6 /* HistoryView.swift */,
				4065F72329BF4AF600BC6FE6 /* CalculatorView.swift */,
				4065F72529BF507200BC6FE6 /* CalculatorView-ViewModel.swift */,
				4065F72729BF55B100BC6FE6 /* Pizza.swift */,
				400AA16C29BF44CF00F7FDDD /* Assets.xcassets */,
				400AA16E29BF44CF00F7FDDD /* Preview Content */,
				40A3B8FA29DC0D3900F342AF /* Styles.swift */,
				4018E90129F2B92B00A1CFEC /* ResultsView.swift */,
			);
			path = PizzaCalculator;
			sourceTree = "<group>";
		};
		400AA16E29BF44CF00F7FDDD /* Preview Content */ = {
			isa = PBXGroup;
			children = (
				400AA16F29BF44CF00F7FDDD /* Preview Assets.xcassets */,
			);
			path = "Preview Content";
			sourceTree = "<group>";
		};
/* End PBXGroup section */

/* Begin PBXNativeTarget section */
		400AA16429BF44CE00F7FDDD /* PizzaCalculator */ = {
			isa = PBXNativeTarget;
			buildConfigurationList = 400AA17329BF44CF00F7FDDD /* Build configuration list for PBXNativeTarget "PizzaCalculator" */;
			buildPhases = (
				400AA16129BF44CE00F7FDDD /* Sources */,
				400AA16229BF44CE00F7FDDD /* Frameworks */,
				400AA16329BF44CE00F7FDDD /* Resources */,
			);
			buildRules = (
			);
			dependencies = (
			);
			name = PizzaCalculator;
			productName = PizzaCalculator;
			productReference = 400AA16529BF44CE00F7FDDD /* PizzaCalculator.app */;
			productType = "com.apple.product-type.application";
		};
/* End PBXNativeTarget section */

/* Begin PBXProject section */
		400AA15D29BF44CE00F7FDDD /* Project object */ = {
			isa = PBXProject;
			attributes = {
				BuildIndependentTargetsInParallel = 1;
				LastSwiftUpdateCheck = 1420;
				LastUpgradeCheck = 1420;
				TargetAttributes = {
					400AA16429BF44CE00F7FDDD = {
						CreatedOnToolsVersion = 14.2;
					};
				};
			};
			buildConfigurationList = 400AA16029BF44CE00F7FDDD /* Build configuration list for PBXProject "PizzaCalculator" */;
			compatibilityVersion = "Xcode 14.0";
			developmentRegion = en;
			hasScannedForEncodings = 0;
			knownRegions = (
				en,
				Base,
			);
			mainGroup = 400AA15C29BF44CE00F7FDDD;
			productRefGroup = 400AA16629BF44CE00F7FDDD /* Products */;
			projectDirPath = "";
			projectRoot = "";
			targets = (
				400AA16429BF44CE00F7FDDD /* PizzaCalculator */,
			);
		};
/* End PBXProject section */

/* Begin PBXResourcesBuildPhase section */
		400AA16329BF44CE00F7FDDD /* Resources */ = {
			isa = PBXResourcesBuildPhase;
			buildActionMask = 2147483647;
			files = (
				400AA17029BF44CF00F7FDDD /* Preview Assets.xcassets in Resources */,
				400AA16D29BF44CF00F7FDDD /* Assets.xcassets in Resources */,
			);
			runOnlyForDeploymentPostprocessing = 0;
		};
/* End PBXResourcesBuildPhase section */

/* Begin PBXSourcesBuildPhase section */
		400AA16129BF44CE00F7FDDD /* Sources */ = {
			isa = PBXSourcesBuildPhase;
			buildActionMask = 2147483647;
			files = (
				4065F72429BF4AF600BC6FE6 /* CalculatorView.swift in Sources */,
				4018E90229F2B92B00A1CFEC /* ResultsView.swift in Sources */,
				40A3B8FB29DC0D3900F342AF /* Styles.swift in Sources */,
				4065F72629BF507200BC6FE6 /* CalculatorView-ViewModel.swift in Sources */,
				4065F72829BF55B100BC6FE6 /* Pizza.swift in Sources */,
				400AA16B29BF44CE00F7FDDD /* ContentView.swift in Sources */,
				4065F72229BF4AB800BC6FE6 /* HistoryView.swift in Sources */,
				4018E90029F2AF3700A1CFEC /* FileManager-DocumentsDirectory.swift in Sources */,
				400AA16929BF44CE00F7FDDD /* PizzaCalculatorApp.swift in Sources */,
			);
			runOnlyForDeploymentPostprocessing = 0;
		};
/* End PBXSourcesBuildPhase section */

/* Begin XCBuildConfiguration section */
		400AA17129BF44CF00F7FDDD /* Debug */ = {
			isa = XCBuildConfiguration;
			buildSettings = {
				ALWAYS_SEARCH_USER_PATHS = NO;
				CLANG_ANALYZER_NONNULL = YES;
				CLANG_ANALYZER_NUMBER_OBJECT_CONVERSION = YES_AGGRESSIVE;
				CLANG_CXX_LANGUAGE_STANDARD = "gnu++20";
				CLANG_ENABLE_MODULES = YES;
				CLANG_ENABLE_OBJC_ARC = YES;
				CLANG_ENABLE_OBJC_WEAK = YES;
				CLANG_WARN_BLOCK_CAPTURE_AUTORELEASING = YES;
				CLANG_WARN_BOOL_CONVERSION = YES;
				CLANG_WARN_COMMA = YES;
				CLANG_WARN_CONSTANT_CONVERSION = YES;
				CLANG_WARN_DEPRECATED_OBJC_IMPLEMENTATIONS = YES;
				CLANG_WARN_DIRECT_OBJC_ISA_USAGE = YES_ERROR;
				CLANG_WARN_DOCUMENTATION_COMMENTS = YES;
				CLANG_WARN_EMPTY_BODY = YES;
				CLANG_WARN_ENUM_CONVERSION = YES;
				CLANG_WARN_INFINITE_RECURSION = YES;
				CLANG_WARN_INT_CONVERSION = YES;
				CLANG_WARN_NON_LITERAL_NULL_CONVERSION = YES;
				CLANG_WARN_OBJC_IMPLICIT_RETAIN_SELF = YES;
				CLANG_WARN_OBJC_LITERAL_CONVERSION = YES;
				CLANG_WARN_OBJC_ROOT_CLASS = YES_ERROR;
				CLANG_WARN_QUOTED_INCLUDE_IN_FRAMEWORK_HEADER = YES;
				CLANG_WARN_RANGE_LOOP_ANALYSIS = YES;
				CLANG_WARN_STRICT_PROTOTYPES = YES;
				CLANG_WARN_SUSPICIOUS_MOVE = YES;
				CLANG_WARN_UNGUARDED_AVAILABILITY = YES_AGGRESSIVE;
				CLANG_WARN_UNREACHABLE_CODE = YES;
				CLANG_WARN__DUPLICATE_METHOD_MATCH = YES;
				COPY_PHASE_STRIP = NO;
				DEBUG_INFORMATION_FORMAT = dwarf;
				ENABLE_STRICT_OBJC_MSGSEND = YES;
				ENABLE_TESTABILITY = YES;
				GCC_C_LANGUAGE_STANDARD = gnu11;
				GCC_DYNAMIC_NO_PIC = NO;
				GCC_NO_COMMON_BLOCKS = YES;
				GCC_OPTIMIZATION_LEVEL = 0;
				GCC_PREPROCESSOR_DEFINITIONS = (
					"DEBUG=1",
					"$(inherited)",
				);
				GCC_WARN_64_TO_32_BIT_CONVERSION = YES;
				GCC_WARN_ABOUT_RETURN_TYPE = YES_ERROR;
				GCC_WARN_UNDECLARED_SELECTOR = YES;
				GCC_WARN_UNINITIALIZED_AUTOS = YES_AGGRESSIVE;
				GCC_WARN_UNUSED_FUNCTION = YES;
				GCC_WARN_UNUSED_VARIABLE = YES;
				IPHONEOS_DEPLOYMENT_TARGET = 16.2;
				MTL_ENABLE_DEBUG_INFO = INCLUDE_SOURCE;
				MTL_FAST_MATH = YES;
				ONLY_ACTIVE_ARCH = YES;
				SDKROOT = iphoneos;
				SWIFT_ACTIVE_COMPILATION_CONDITIONS = DEBUG;
				SWIFT_OPTIMIZATION_LEVEL = "-Onone";
			};
			name = Debug;
		};
		400AA17229BF44CF00F7FDDD /* Release */ = {
			isa = XCBuildConfiguration;
			buildSettings = {
				ALWAYS_SEARCH_USER_PATHS = NO;
				CLANG_ANALYZER_NONNULL = YES;
				CLANG_ANALYZER_NUMBER_OBJECT_CONVERSION = YES_AGGRESSIVE;
				CLANG_CXX_LANGUAGE_STANDARD = "gnu++20";
				CLANG_ENABLE_MODULES = YES;
				CLANG_ENABLE_OBJC_ARC = YES;
				CLANG_ENABLE_OBJC_WEAK = YES;
				CLANG_WARN_BLOCK_CAPTURE_AUTORELEASING = YES;
				CLANG_WARN_BOOL_CONVERSION = YES;
				CLANG_WARN_COMMA = YES;
				CLANG_WARN_CONSTANT_CONVERSION = YES;
				CLANG_WARN_DEPRECATED_OBJC_IMPLEMENTATIONS = YES;
				CLANG_WARN_DIRECT_OBJC_ISA_USAGE = YES_ERROR;
				CLANG_WARN_DOCUMENTATION_COMMENTS = YES;
				CLANG_WARN_EMPTY_BODY = YES;
				CLANG_WARN_ENUM_CONVERSION = YES;
				CLANG_WARN_INFINITE_RECURSION = YES;
				CLANG_WARN_INT_CONVERSION = YES;
				CLANG_WARN_NON_LITERAL_NULL_CONVERSION = YES;
				CLANG_WARN_OBJC_IMPLICIT_RETAIN_SELF = YES;
				CLANG_WARN_OBJC_LITERAL_CONVERSION = YES;
				CLANG_WARN_OBJC_ROOT_CLASS = YES_ERROR;
				CLANG_WARN_QUOTED_INCLUDE_IN_FRAMEWORK_HEADER = YES;
				CLANG_WARN_RANGE_LOOP_ANALYSIS = YES;
				CLANG_WARN_STRICT_PROTOTYPES = YES;
				CLANG_WARN_SUSPICIOUS_MOVE = YES;
				CLANG_WARN_UNGUARDED_AVAILABILITY = YES_AGGRESSIVE;
				CLANG_WARN_UNREACHABLE_CODE = YES;
				CLANG_WARN__DUPLICATE_METHOD_MATCH = YES;
				COPY_PHASE_STRIP = NO;
				DEBUG_INFORMATION_FORMAT = "dwarf-with-dsym";
				ENABLE_NS_ASSERTIONS = NO;
				ENABLE_STRICT_OBJC_MSGSEND = YES;
				GCC_C_LANGUAGE_STANDARD = gnu11;
				GCC_NO_COMMON_BLOCKS = YES;
				GCC_WARN_64_TO_32_BIT_CONVERSION = YES;
				GCC_WARN_ABOUT_RETURN_TYPE = YES_ERROR;
				GCC_WARN_UNDECLARED_SELECTOR = YES;
				GCC_WARN_UNINITIALIZED_AUTOS = YES_AGGRESSIVE;
				GCC_WARN_UNUSED_FUNCTION = YES;
				GCC_WARN_UNUSED_VARIABLE = YES;
				IPHONEOS_DEPLOYMENT_TARGET = 16.2;
				MTL_ENABLE_DEBUG_INFO = NO;
				MTL_FAST_MATH = YES;
				SDKROOT = iphoneos;
				SWIFT_COMPILATION_MODE = wholemodule;
				SWIFT_OPTIMIZATION_LEVEL = "-O";
				VALIDATE_PRODUCT = YES;
			};
			name = Release;
		};
		400AA17429BF44CF00F7FDDD /* Debug */ = {
			isa = XCBuildConfiguration;
			buildSettings = {
				ASSETCATALOG_COMPILER_APPICON_NAME = AppIcon;
				ASSETCATALOG_COMPILER_GLOBAL_ACCENT_COLOR_NAME = AccentColor;
				CODE_SIGN_STYLE = Automatic;
				CURRENT_PROJECT_VERSION = 1;
				DEVELOPMENT_ASSET_PATHS = "\"PizzaCalculator/Preview Content\"";
				DEVELOPMENT_TEAM = G3GNU2HG38;
				ENABLE_PREVIEWS = YES;
				GENERATE_INFOPLIST_FILE = YES;
				INFOPLIST_KEY_UIApplicationSceneManifest_Generation = YES;
				INFOPLIST_KEY_UIApplicationSupportsIndirectInputEvents = YES;
				INFOPLIST_KEY_UILaunchScreen_Generation = YES;
				INFOPLIST_KEY_UISupportedInterfaceOrientations_iPad = "UIInterfaceOrientationPortrait UIInterfaceOrientationPortraitUpsideDown UIInterfaceOrientationLandscapeLeft UIInterfaceOrientationLandscapeRight";
				INFOPLIST_KEY_UISupportedInterfaceOrientations_iPhone = "UIInterfaceOrientationPortrait UIInterfaceOrientationLandscapeLeft UIInterfaceOrientationLandscapeRight";
				LD_RUNPATH_SEARCH_PATHS = (
					"$(inherited)",
					"@executable_path/Frameworks",
				);
				MARKETING_VERSION = 1.0;
				PRODUCT_BUNDLE_IDENTIFIER = me.dabrowska.paulina.PizzaCalculator;
				PRODUCT_NAME = "$(TARGET_NAME)";
				SWIFT_EMIT_LOC_STRINGS = YES;
				SWIFT_VERSION = 5.0;
				TARGETED_DEVICE_FAMILY = "1,2";
			};
			name = Debug;
		};
		400AA17529BF44CF00F7FDDD /* Release */ = {
			isa = XCBuildConfiguration;
			buildSettings = {
				ASSETCATALOG_COMPILER_APPICON_NAME = AppIcon;
				ASSETCATALOG_COMPILER_GLOBAL_ACCENT_COLOR_NAME = AccentColor;
				CODE_SIGN_STYLE = Automatic;
				CURRENT_PROJECT_VERSION = 1;
				DEVELOPMENT_ASSET_PATHS = "\"PizzaCalculator/Preview Content\"";
				DEVELOPMENT_TEAM = G3GNU2HG38;
				ENABLE_PREVIEWS = YES;
				GENERATE_INFOPLIST_FILE = YES;
				INFOPLIST_KEY_UIApplicationSceneManifest_Generation = YES;
				INFOPLIST_KEY_UIApplicationSupportsIndirectInputEvents = YES;
				INFOPLIST_KEY_UILaunchScreen_Generation = YES;
				INFOPLIST_KEY_UISupportedInterfaceOrientations_iPad = "UIInterfaceOrientationPortrait UIInterfaceOrientationPortraitUpsideDown UIInterfaceOrientationLandscapeLeft UIInterfaceOrientationLandscapeRight";
				INFOPLIST_KEY_UISupportedInterfaceOrientations_iPhone = "UIInterfaceOrientationPortrait UIInterfaceOrientationLandscapeLeft UIInterfaceOrientationLandscapeRight";
				LD_RUNPATH_SEARCH_PATHS = (
					"$(inherited)",
					"@executable_path/Frameworks",
				);
				MARKETING_VERSION = 1.0;
				PRODUCT_BUNDLE_IDENTIFIER = me.dabrowska.paulina.PizzaCalculator;
				PRODUCT_NAME = "$(TARGET_NAME)";
				SWIFT_EMIT_LOC_STRINGS = YES;
				SWIFT_VERSION = 5.0;
				TARGETED_DEVICE_FAMILY = "1,2";
			};
			name = Release;
		};
/* End XCBuildConfiguration section */

/* Begin XCConfigurationList section */
		400AA16029BF44CE00F7FDDD /* Build configuration list for PBXProject "PizzaCalculator" */ = {
			isa = XCConfigurationList;
			buildConfigurations = (
				400AA17129BF44CF00F7FDDD /* Debug */,
				400AA17229BF44CF00F7FDDD /* Release */,
			);
			defaultConfigurationIsVisible = 0;
			defaultConfigurationName = Release;
		};
		400AA17329BF44CF00F7FDDD /* Build configuration list for PBXNativeTarget "PizzaCalculator" */ = {
			isa = XCConfigurationList;
			buildConfigurations = (
				400AA17429BF44CF00F7FDDD /* Debug */,
				400AA17529BF44CF00F7FDDD /* Release */,
			);
			defaultConfigurationIsVisible = 0;
			defaultConfigurationName = Release;
		};
/* End XCConfigurationList section */
	};
	rootObject = 400AA15D29BF44CE00F7FDDD /* Project object */;
}
